// !$*UTF8*$!
{
	archiveVersion = 1;
	classes = {
	};
	objectVersion = 51;
	objects = {

/* Begin PBXBuildFile section */
		4788D037E903C5F941971FBE /* Pods_FastMessage.framework in Frameworks */ = {isa = PBXBuildFile; fileRef = 111E9F9D27DBBB4AA6E64159 /* Pods_FastMessage.framework */; };
		6602720E25B2072000BD69F5 /* ProfileController.swift in Sources */ = {isa = PBXBuildFile; fileRef = 6602720D25B2072000BD69F5 /* ProfileController.swift */; };
		6602721325B20A6E00BD69F5 /* ProfileHeader.swift in Sources */ = {isa = PBXBuildFile; fileRef = 6602721225B20A6E00BD69F5 /* ProfileHeader.swift */; };
		6608936D25972839000A4C38 /* Protocols.swift in Sources */ = {isa = PBXBuildFile; fileRef = 6608936C25972839000A4C38 /* Protocols.swift */; };
		660D37B42599B4B700C42946 /* GoogleService-Info.plist in Resources */ = {isa = PBXBuildFile; fileRef = 660D37B32599B4B700C42946 /* GoogleService-Info.plist */; };
		66372B2625A7146600307EFA /* CustomInputAccessoryView.swift in Sources */ = {isa = PBXBuildFile; fileRef = 66372B2525A7146600307EFA /* CustomInputAccessoryView.swift */; };
		6645A16425A5A51D00829C18 /* ChatController.swift in Sources */ = {isa = PBXBuildFile; fileRef = 6645A16325A5A51D00829C18 /* ChatController.swift */; };
		6646DCDE2590E52F003B4AC7 /* ConversationsController.swift in Sources */ = {isa = PBXBuildFile; fileRef = 6646DCDD2590E52F003B4AC7 /* ConversationsController.swift */; };
		6660145A25AF9C50001B3E62 /* ConversationCell.swift in Sources */ = {isa = PBXBuildFile; fileRef = 6660145925AF9C50001B3E62 /* ConversationCell.swift */; };
		6660145F25B0460C001B3E62 /* ConversationViewModel.swift in Sources */ = {isa = PBXBuildFile; fileRef = 6660145E25B0460C001B3E62 /* ConversationViewModel.swift */; };
		66880EA72593425400A372CA /* InputContainerView.swift in Sources */ = {isa = PBXBuildFile; fileRef = 66880EA62593425400A372CA /* InputContainerView.swift */; };
		66880EAA25934B6A00A372CA /* CustomTextField.swift in Sources */ = {isa = PBXBuildFile; fileRef = 66880EA925934B6A00A372CA /* CustomTextField.swift */; };
		6697BD8025A8CC2C00EB036D /* MessageCell.swift in Sources */ = {isa = PBXBuildFile; fileRef = 6697BD7F25A8CC2C00EB036D /* MessageCell.swift */; };
		669A906625A918D900331D08 /* Message.swift in Sources */ = {isa = PBXBuildFile; fileRef = 669A906525A918D900331D08 /* Message.swift */; };
		669A906925A91DD200331D08 /* MessageViewModel.swift in Sources */ = {isa = PBXBuildFile; fileRef = 669A906825A91DD200331D08 /* MessageViewModel.swift */; };
		66ADC98C25AEEA5D000568D5 /* Conversation.swift in Sources */ = {isa = PBXBuildFile; fileRef = 66ADC98B25AEEA5D000568D5 /* Conversation.swift */; };
		66C1E67B259DE44500323FB8 /* AuthService.swift in Sources */ = {isa = PBXBuildFile; fileRef = 66C1E67A259DE44500323FB8 /* AuthService.swift */; };
		66C3B1B625922CD700ED56A7 /* LoginController.swift in Sources */ = {isa = PBXBuildFile; fileRef = 66C3B1B525922CD700ED56A7 /* LoginController.swift */; };
		66C3B1BA25922D0700ED56A7 /* RegistrationController.swift in Sources */ = {isa = PBXBuildFile; fileRef = 66C3B1B925922D0700ED56A7 /* RegistrationController.swift */; };
		66C3B1BD2592345200ED56A7 /* Extensions.swift in Sources */ = {isa = PBXBuildFile; fileRef = 66C3B1BC2592345200ED56A7 /* Extensions.swift */; };
		66C89D3E25967EF1007264F0 /* LoginViewModel.swift in Sources */ = {isa = PBXBuildFile; fileRef = 66C89D3D25967EF1007264F0 /* LoginViewModel.swift */; };
		66C89D4225968AC2007264F0 /* RegistrationViewModel.swift in Sources */ = {isa = PBXBuildFile; fileRef = 66C89D4125968AC2007264F0 /* RegistrationViewModel.swift */; };
		66CA699A25A1A33E0096A77F /* UserCell.swift in Sources */ = {isa = PBXBuildFile; fileRef = 66CA699925A1A33E0096A77F /* UserCell.swift */; };
		66CA699D25A1B0F10096A77F /* User.swift in Sources */ = {isa = PBXBuildFile; fileRef = 66CA699C25A1B0F10096A77F /* User.swift */; };
		66CA69A025A1B2040096A77F /* Service.swift in Sources */ = {isa = PBXBuildFile; fileRef = 66CA699F25A1B2040096A77F /* Service.swift */; };
		66CD382D259FB3050096B8E7 /* NewMessageController.swift in Sources */ = {isa = PBXBuildFile; fileRef = 66CD382C259FB3050096B8E7 /* NewMessageController.swift */; };
		66EF57CD25AB614A003385F2 /* Constants.swift in Sources */ = {isa = PBXBuildFile; fileRef = 66EF57CC25AB614A003385F2 /* Constants.swift */; };
		66F2F2A72590A353009D4D49 /* AppDelegate.swift in Sources */ = {isa = PBXBuildFile; fileRef = 66F2F2A62590A353009D4D49 /* AppDelegate.swift */; };
		66F2F2A92590A353009D4D49 /* SceneDelegate.swift in Sources */ = {isa = PBXBuildFile; fileRef = 66F2F2A82590A353009D4D49 /* SceneDelegate.swift */; };
		66F2F2AB2590A353009D4D49 /* ViewController.swift in Sources */ = {isa = PBXBuildFile; fileRef = 66F2F2AA2590A353009D4D49 /* ViewController.swift */; };
		66F2F2AE2590A353009D4D49 /* Main.storyboard in Resources */ = {isa = PBXBuildFile; fileRef = 66F2F2AC2590A353009D4D49 /* Main.storyboard */; };
		66F2F2B02590A354009D4D49 /* Assets.xcassets in Resources */ = {isa = PBXBuildFile; fileRef = 66F2F2AF2590A354009D4D49 /* Assets.xcassets */; };
		66F2F2B32590A354009D4D49 /* LaunchScreen.storyboard in Resources */ = {isa = PBXBuildFile; fileRef = 66F2F2B12590A354009D4D49 /* LaunchScreen.storyboard */; };
/* End PBXBuildFile section */

/* Begin PBXFileReference section */
		111E9F9D27DBBB4AA6E64159 /* Pods_FastMessage.framework */ = {isa = PBXFileReference; explicitFileType = wrapper.framework; includeInIndex = 0; path = Pods_FastMessage.framework; sourceTree = BUILT_PRODUCTS_DIR; };
		6602720D25B2072000BD69F5 /* ProfileController.swift */ = {isa = PBXFileReference; lastKnownFileType = sourcecode.swift; path = ProfileController.swift; sourceTree = "<group>"; };
		6602721225B20A6E00BD69F5 /* ProfileHeader.swift */ = {isa = PBXFileReference; lastKnownFileType = sourcecode.swift; path = ProfileHeader.swift; sourceTree = "<group>"; };
		6608936C25972839000A4C38 /* Protocols.swift */ = {isa = PBXFileReference; lastKnownFileType = sourcecode.swift; path = Protocols.swift; sourceTree = "<group>"; };
		660D37B32599B4B700C42946 /* GoogleService-Info.plist */ = {isa = PBXFileReference; fileEncoding = 4; lastKnownFileType = text.plist.xml; path = "GoogleService-Info.plist"; sourceTree = "<group>"; };
		66372B2525A7146600307EFA /* CustomInputAccessoryView.swift */ = {isa = PBXFileReference; lastKnownFileType = sourcecode.swift; path = CustomInputAccessoryView.swift; sourceTree = "<group>"; };
		6645A16325A5A51D00829C18 /* ChatController.swift */ = {isa = PBXFileReference; lastKnownFileType = sourcecode.swift; path = ChatController.swift; sourceTree = "<group>"; };
		6646DCDD2590E52F003B4AC7 /* ConversationsController.swift */ = {isa = PBXFileReference; lastKnownFileType = sourcecode.swift; path = ConversationsController.swift; sourceTree = "<group>"; };
		6660145925AF9C50001B3E62 /* ConversationCell.swift */ = {isa = PBXFileReference; lastKnownFileType = sourcecode.swift; path = ConversationCell.swift; sourceTree = "<group>"; };
		6660145E25B0460C001B3E62 /* ConversationViewModel.swift */ = {isa = PBXFileReference; lastKnownFileType = sourcecode.swift; path = ConversationViewModel.swift; sourceTree = "<group>"; };
		66880EA62593425400A372CA /* InputContainerView.swift */ = {isa = PBXFileReference; lastKnownFileType = sourcecode.swift; path = InputContainerView.swift; sourceTree = "<group>"; };
		66880EA925934B6A00A372CA /* CustomTextField.swift */ = {isa = PBXFileReference; lastKnownFileType = sourcecode.swift; path = CustomTextField.swift; sourceTree = "<group>"; };
		6697BD7F25A8CC2C00EB036D /* MessageCell.swift */ = {isa = PBXFileReference; lastKnownFileType = sourcecode.swift; path = MessageCell.swift; sourceTree = "<group>"; };
		669A906525A918D900331D08 /* Message.swift */ = {isa = PBXFileReference; lastKnownFileType = sourcecode.swift; path = Message.swift; sourceTree = "<group>"; };
		669A906825A91DD200331D08 /* MessageViewModel.swift */ = {isa = PBXFileReference; lastKnownFileType = sourcecode.swift; path = MessageViewModel.swift; sourceTree = "<group>"; };
		66ADC98B25AEEA5D000568D5 /* Conversation.swift */ = {isa = PBXFileReference; lastKnownFileType = sourcecode.swift; path = Conversation.swift; sourceTree = "<group>"; };
		66C1E67A259DE44500323FB8 /* AuthService.swift */ = {isa = PBXFileReference; lastKnownFileType = sourcecode.swift; path = AuthService.swift; sourceTree = "<group>"; };
		66C3B1B525922CD700ED56A7 /* LoginController.swift */ = {isa = PBXFileReference; lastKnownFileType = sourcecode.swift; path = LoginController.swift; sourceTree = "<group>"; };
		66C3B1B925922D0700ED56A7 /* RegistrationController.swift */ = {isa = PBXFileReference; lastKnownFileType = sourcecode.swift; path = RegistrationController.swift; sourceTree = "<group>"; };
		66C3B1BC2592345200ED56A7 /* Extensions.swift */ = {isa = PBXFileReference; lastKnownFileType = sourcecode.swift; path = Extensions.swift; sourceTree = "<group>"; };
		66C89D3D25967EF1007264F0 /* LoginViewModel.swift */ = {isa = PBXFileReference; lastKnownFileType = sourcecode.swift; path = LoginViewModel.swift; sourceTree = "<group>"; };
		66C89D4125968AC2007264F0 /* RegistrationViewModel.swift */ = {isa = PBXFileReference; lastKnownFileType = sourcecode.swift; path = RegistrationViewModel.swift; sourceTree = "<group>"; };
		66CA699925A1A33E0096A77F /* UserCell.swift */ = {isa = PBXFileReference; lastKnownFileType = sourcecode.swift; path = UserCell.swift; sourceTree = "<group>"; };
		66CA699C25A1B0F10096A77F /* User.swift */ = {isa = PBXFileReference; lastKnownFileType = sourcecode.swift; path = User.swift; sourceTree = "<group>"; };
		66CA699F25A1B2040096A77F /* Service.swift */ = {isa = PBXFileReference; lastKnownFileType = sourcecode.swift; path = Service.swift; sourceTree = "<group>"; };
		66CD382C259FB3050096B8E7 /* NewMessageController.swift */ = {isa = PBXFileReference; lastKnownFileType = sourcecode.swift; path = NewMessageController.swift; sourceTree = "<group>"; };
		66EF57CC25AB614A003385F2 /* Constants.swift */ = {isa = PBXFileReference; lastKnownFileType = sourcecode.swift; path = Constants.swift; sourceTree = "<group>"; };
		66F2F2A32590A353009D4D49 /* FastMessage.app */ = {isa = PBXFileReference; explicitFileType = wrapper.application; includeInIndex = 0; path = FastMessage.app; sourceTree = BUILT_PRODUCTS_DIR; };
		66F2F2A62590A353009D4D49 /* AppDelegate.swift */ = {isa = PBXFileReference; lastKnownFileType = sourcecode.swift; path = AppDelegate.swift; sourceTree = "<group>"; };
		66F2F2A82590A353009D4D49 /* SceneDelegate.swift */ = {isa = PBXFileReference; lastKnownFileType = sourcecode.swift; path = SceneDelegate.swift; sourceTree = "<group>"; };
		66F2F2AA2590A353009D4D49 /* ViewController.swift */ = {isa = PBXFileReference; lastKnownFileType = sourcecode.swift; path = ViewController.swift; sourceTree = "<group>"; };
		66F2F2AD2590A353009D4D49 /* Base */ = {isa = PBXFileReference; lastKnownFileType = file.storyboard; name = Base; path = Base.lproj/Main.storyboard; sourceTree = "<group>"; };
		66F2F2AF2590A354009D4D49 /* Assets.xcassets */ = {isa = PBXFileReference; lastKnownFileType = folder.assetcatalog; path = Assets.xcassets; sourceTree = "<group>"; };
		66F2F2B22590A354009D4D49 /* Base */ = {isa = PBXFileReference; lastKnownFileType = file.storyboard; name = Base; path = Base.lproj/LaunchScreen.storyboard; sourceTree = "<group>"; };
		66F2F2B42590A354009D4D49 /* Info.plist */ = {isa = PBXFileReference; lastKnownFileType = text.plist.xml; path = Info.plist; sourceTree = "<group>"; };
		925D8704FCF228273207C70F /* Pods-FastMessage.debug.xcconfig */ = {isa = PBXFileReference; includeInIndex = 1; lastKnownFileType = text.xcconfig; name = "Pods-FastMessage.debug.xcconfig"; path = "Target Support Files/Pods-FastMessage/Pods-FastMessage.debug.xcconfig"; sourceTree = "<group>"; };
		DD808E448BBD4C56E3426410 /* Pods-FastMessage.release.xcconfig */ = {isa = PBXFileReference; includeInIndex = 1; lastKnownFileType = text.xcconfig; name = "Pods-FastMessage.release.xcconfig"; path = "Target Support Files/Pods-FastMessage/Pods-FastMessage.release.xcconfig"; sourceTree = "<group>"; };
/* End PBXFileReference section */

/* Begin PBXFrameworksBuildPhase section */
		66F2F2A02590A353009D4D49 /* Frameworks */ = {
			isa = PBXFrameworksBuildPhase;
			buildActionMask = 2147483647;
			files = (
				4788D037E903C5F941971FBE /* Pods_FastMessage.framework in Frameworks */,
			);
			runOnlyForDeploymentPostprocessing = 0;
		};
/* End PBXFrameworksBuildPhase section */

/* Begin PBXGroup section */
		09FBBF2020D4B07CF2EE1F4D /* Frameworks */ = {
			isa = PBXGroup;
			children = (
				111E9F9D27DBBB4AA6E64159 /* Pods_FastMessage.framework */,
			);
			name = Frameworks;
			sourceTree = "<group>";
		};
		4B78285FB67AC4FA115472A8 /* Pods */ = {
			isa = PBXGroup;
			children = (
				925D8704FCF228273207C70F /* Pods-FastMessage.debug.xcconfig */,
				DD808E448BBD4C56E3426410 /* Pods-FastMessage.release.xcconfig */,
			);
			path = Pods;
			sourceTree = "<group>";
		};
		6602721025B20A2C00BD69F5 /* Header */ = {
			isa = PBXGroup;
			children = (
				6602721225B20A6E00BD69F5 /* ProfileHeader.swift */,
			);
			path = Header;
			sourceTree = "<group>";
		};
		6602721125B20A4000BD69F5 /* CustomView */ = {
			isa = PBXGroup;
			children = (
				66880EA62593425400A372CA /* InputContainerView.swift */,
				66880EA925934B6A00A372CA /* CustomTextField.swift */,
				66372B2525A7146600307EFA /* CustomInputAccessoryView.swift */,
			);
			path = CustomView;
			sourceTree = "<group>";
		};
		6646DCD62590E3F7003B4AC7 /* Helpers */ = {
			isa = PBXGroup;
			children = (
				6608936C25972839000A4C38 /* Protocols.swift */,
				66C3B1BC2592345200ED56A7 /* Extensions.swift */,
				66EF57CC25AB614A003385F2 /* Constants.swift */,
			);
			path = Helpers;
			sourceTree = "<group>";
		};
		6646DCD82590E407003B4AC7 /* API */ = {
			isa = PBXGroup;
			children = (
				66C1E67A259DE44500323FB8 /* AuthService.swift */,
				66CA699F25A1B2040096A77F /* Service.swift */,
			);
			path = API;
			sourceTree = "<group>";
		};
		6646DCD92590E40C003B4AC7 /* Controller */ = {
			isa = PBXGroup;
			children = (
				66C3B1B425922A3900ED56A7 /* Authentication */,
				6646DCDD2590E52F003B4AC7 /* ConversationsController.swift */,
				66CD382C259FB3050096B8E7 /* NewMessageController.swift */,
				6645A16325A5A51D00829C18 /* ChatController.swift */,
				6602720D25B2072000BD69F5 /* ProfileController.swift */,
			);
			path = Controller;
			sourceTree = "<group>";
		};
		6646DCDA2590E40E003B4AC7 /* ViewModel */ = {
			isa = PBXGroup;
			children = (
				66C89D4025968A8F007264F0 /* Authentication */,
				669A906825A91DD200331D08 /* MessageViewModel.swift */,
				6660145E25B0460C001B3E62 /* ConversationViewModel.swift */,
			);
			path = ViewModel;
			sourceTree = "<group>";
		};
		6646DCDB2590E40F003B4AC7 /* View */ = {
			isa = PBXGroup;
			children = (
				6602721025B20A2C00BD69F5 /* Header */,
				6660145C25AF9D65001B3E62 /* Cell */,
				6602721125B20A4000BD69F5 /* CustomView */,
			);
			path = View;
			sourceTree = "<group>";
		};
		6646DCDC2590E412003B4AC7 /* Model */ = {
			isa = PBXGroup;
			children = (
				66CA699C25A1B0F10096A77F /* User.swift */,
				669A906525A918D900331D08 /* Message.swift */,
				66ADC98B25AEEA5D000568D5 /* Conversation.swift */,
			);
			path = Model;
			sourceTree = "<group>";
		};
		6660145C25AF9D65001B3E62 /* Cell */ = {
			isa = PBXGroup;
			children = (
				66CA699925A1A33E0096A77F /* UserCell.swift */,
				6697BD7F25A8CC2C00EB036D /* MessageCell.swift */,
				6660145925AF9C50001B3E62 /* ConversationCell.swift */,
			);
			path = Cell;
			sourceTree = "<group>";
		};
		66C3B1B425922A3900ED56A7 /* Authentication */ = {
			isa = PBXGroup;
			children = (
				66C3B1B525922CD700ED56A7 /* LoginController.swift */,
				66C3B1B925922D0700ED56A7 /* RegistrationController.swift */,
			);
			path = Authentication;
			sourceTree = "<group>";
		};
		66C89D4025968A8F007264F0 /* Authentication */ = {
			isa = PBXGroup;
			children = (
				66C89D3D25967EF1007264F0 /* LoginViewModel.swift */,
				66C89D4125968AC2007264F0 /* RegistrationViewModel.swift */,
			);
			path = Authentication;
			sourceTree = "<group>";
		};
		66F2F29A2590A353009D4D49 = {
			isa = PBXGroup;
			children = (
				66F2F2A52590A353009D4D49 /* FastMessage */,
				66F2F2A42590A353009D4D49 /* Products */,
				4B78285FB67AC4FA115472A8 /* Pods */,
				09FBBF2020D4B07CF2EE1F4D /* Frameworks */,
			);
			sourceTree = "<group>";
		};
		66F2F2A42590A353009D4D49 /* Products */ = {
			isa = PBXGroup;
			children = (
				66F2F2A32590A353009D4D49 /* FastMessage.app */,
			);
			name = Products;
			sourceTree = "<group>";
		};
		66F2F2A52590A353009D4D49 /* FastMessage */ = {
			isa = PBXGroup;
			children = (
				66F2F2A62590A353009D4D49 /* AppDelegate.swift */,
				66F2F2A82590A353009D4D49 /* SceneDelegate.swift */,
				6646DCDC2590E412003B4AC7 /* Model */,
				6646DCDB2590E40F003B4AC7 /* View */,
				6646DCDA2590E40E003B4AC7 /* ViewModel */,
				6646DCD92590E40C003B4AC7 /* Controller */,
				6646DCD82590E407003B4AC7 /* API */,
				6646DCD62590E3F7003B4AC7 /* Helpers */,
				66F2F2AA2590A353009D4D49 /* ViewController.swift */,
				66F2F2AC2590A353009D4D49 /* Main.storyboard */,
				66F2F2AF2590A354009D4D49 /* Assets.xcassets */,
				66F2F2B12590A354009D4D49 /* LaunchScreen.storyboard */,
				66F2F2B42590A354009D4D49 /* Info.plist */,
				660D37B32599B4B700C42946 /* GoogleService-Info.plist */,
			);
			path = FastMessage;
			sourceTree = "<group>";
		};
/* End PBXGroup section */

/* Begin PBXNativeTarget section */
		66F2F2A22590A353009D4D49 /* FastMessage */ = {
			isa = PBXNativeTarget;
			buildConfigurationList = 66F2F2B72590A354009D4D49 /* Build configuration list for PBXNativeTarget "FastMessage" */;
			buildPhases = (
				85AAB072DA0F9A6E4050BC9D /* [CP] Check Pods Manifest.lock */,
				66F2F29F2590A353009D4D49 /* Sources */,
				66F2F2A02590A353009D4D49 /* Frameworks */,
				66F2F2A12590A353009D4D49 /* Resources */,
				FAD79E56C6178CF473C47B0D /* [CP] Embed Pods Frameworks */,
			);
			buildRules = (
			);
			dependencies = (
			);
			name = FastMessage;
			productName = FastMessage;
			productReference = 66F2F2A32590A353009D4D49 /* FastMessage.app */;
			productType = "com.apple.product-type.application";
		};
/* End PBXNativeTarget section */

/* Begin PBXProject section */
		66F2F29B2590A353009D4D49 /* Project object */ = {
			isa = PBXProject;
			attributes = {
				LastSwiftUpdateCheck = 1230;
				LastUpgradeCheck = 1230;
				TargetAttributes = {
					66F2F2A22590A353009D4D49 = {
						CreatedOnToolsVersion = 12.3;
					};
				};
			};
			buildConfigurationList = 66F2F29E2590A353009D4D49 /* Build configuration list for PBXProject "FastMessage" */;
			compatibilityVersion = "Xcode 9.3";
			developmentRegion = en;
			hasScannedForEncodings = 0;
			knownRegions = (
				en,
				Base,
			);
			mainGroup = 66F2F29A2590A353009D4D49;
			productRefGroup = 66F2F2A42590A353009D4D49 /* Products */;
			projectDirPath = "";
			projectRoot = "";
			targets = (
				66F2F2A22590A353009D4D49 /* FastMessage */,
			);
		};
/* End PBXProject section */

/* Begin PBXResourcesBuildPhase section */
		66F2F2A12590A353009D4D49 /* Resources */ = {
			isa = PBXResourcesBuildPhase;
			buildActionMask = 2147483647;
			files = (
				66F2F2B32590A354009D4D49 /* LaunchScreen.storyboard in Resources */,
				66F2F2B02590A354009D4D49 /* Assets.xcassets in Resources */,
				660D37B42599B4B700C42946 /* GoogleService-Info.plist in Resources */,
				66F2F2AE2590A353009D4D49 /* Main.storyboard in Resources */,
			);
			runOnlyForDeploymentPostprocessing = 0;
		};
/* End PBXResourcesBuildPhase section */

/* Begin PBXShellScriptBuildPhase section */
		85AAB072DA0F9A6E4050BC9D /* [CP] Check Pods Manifest.lock */ = {
			isa = PBXShellScriptBuildPhase;
			buildActionMask = 2147483647;
			files = (
			);
			inputFileListPaths = (
			);
			inputPaths = (
				"${PODS_PODFILE_DIR_PATH}/Podfile.lock",
				"${PODS_ROOT}/Manifest.lock",
			);
			name = "[CP] Check Pods Manifest.lock";
			outputFileListPaths = (
			);
			outputPaths = (
				"$(DERIVED_FILE_DIR)/Pods-FastMessage-checkManifestLockResult.txt",
			);
			runOnlyForDeploymentPostprocessing = 0;
			shellPath = /bin/sh;
			shellScript = "diff \"${PODS_PODFILE_DIR_PATH}/Podfile.lock\" \"${PODS_ROOT}/Manifest.lock\" > /dev/null\nif [ $? != 0 ] ; then\n    # print error to STDERR\n    echo \"error: The sandbox is not in sync with the Podfile.lock. Run 'pod install' or update your CocoaPods installation.\" >&2\n    exit 1\nfi\n# This output is used by Xcode 'outputs' to avoid re-running this script phase.\necho \"SUCCESS\" > \"${SCRIPT_OUTPUT_FILE_0}\"\n";
			showEnvVarsInLog = 0;
		};
		FAD79E56C6178CF473C47B0D /* [CP] Embed Pods Frameworks */ = {
			isa = PBXShellScriptBuildPhase;
			buildActionMask = 2147483647;
			files = (
			);
			inputFileListPaths = (
				"${PODS_ROOT}/Target Support Files/Pods-FastMessage/Pods-FastMessage-frameworks-${CONFIGURATION}-input-files.xcfilelist",
			);
			name = "[CP] Embed Pods Frameworks";
			outputFileListPaths = (
				"${PODS_ROOT}/Target Support Files/Pods-FastMessage/Pods-FastMessage-frameworks-${CONFIGURATION}-output-files.xcfilelist",
			);
			runOnlyForDeploymentPostprocessing = 0;
			shellPath = /bin/sh;
			shellScript = "\"${PODS_ROOT}/Target Support Files/Pods-FastMessage/Pods-FastMessage-frameworks.sh\"\n";
			showEnvVarsInLog = 0;
		};
/* End PBXShellScriptBuildPhase section */

/* Begin PBXSourcesBuildPhase section */
		66F2F29F2590A353009D4D49 /* Sources */ = {
			isa = PBXSourcesBuildPhase;
			buildActionMask = 2147483647;
			files = (
				6602721325B20A6E00BD69F5 /* ProfileHeader.swift in Sources */,
				66ADC98C25AEEA5D000568D5 /* Conversation.swift in Sources */,
				669A906925A91DD200331D08 /* MessageViewModel.swift in Sources */,
				66F2F2AB2590A353009D4D49 /* ViewController.swift in Sources */,
				6697BD8025A8CC2C00EB036D /* MessageCell.swift in Sources */,
				66C89D4225968AC2007264F0 /* RegistrationViewModel.swift in Sources */,
				66880EA72593425400A372CA /* InputContainerView.swift in Sources */,
				6608936D25972839000A4C38 /* Protocols.swift in Sources */,
				66EF57CD25AB614A003385F2 /* Constants.swift in Sources */,
				66CA699D25A1B0F10096A77F /* User.swift in Sources */,
				669A906625A918D900331D08 /* Message.swift in Sources */,
				66CD382D259FB3050096B8E7 /* NewMessageController.swift in Sources */,
				6660145F25B0460C001B3E62 /* ConversationViewModel.swift in Sources */,
				66F2F2A72590A353009D4D49 /* AppDelegate.swift in Sources */,
				6646DCDE2590E52F003B4AC7 /* ConversationsController.swift in Sources */,
				6602720E25B2072000BD69F5 /* ProfileController.swift in Sources */,
				66C1E67B259DE44500323FB8 /* AuthService.swift in Sources */,
				66CA699A25A1A33E0096A77F /* UserCell.swift in Sources */,
				66F2F2A92590A353009D4D49 /* SceneDelegate.swift in Sources */,
				66372B2625A7146600307EFA /* CustomInputAccessoryView.swift in Sources */,
				66CA69A025A1B2040096A77F /* Service.swift in Sources */,
				66C3B1BA25922D0700ED56A7 /* RegistrationController.swift in Sources */,
				66C3B1B625922CD700ED56A7 /* LoginController.swift in Sources */,
				66C3B1BD2592345200ED56A7 /* Extensions.swift in Sources */,
				66C89D3E25967EF1007264F0 /* LoginViewModel.swift in Sources */,
				66880EAA25934B6A00A372CA /* CustomTextField.swift in Sources */,
				6645A16425A5A51D00829C18 /* ChatController.swift in Sources */,
				6660145A25AF9C50001B3E62 /* ConversationCell.swift in Sources */,
			);
			runOnlyForDeploymentPostprocessing = 0;
		};
/* End PBXSourcesBuildPhase section */

/* Begin PBXVariantGroup section */
		66F2F2AC2590A353009D4D49 /* Main.storyboard */ = {
			isa = PBXVariantGroup;
			children = (
				66F2F2AD2590A353009D4D49 /* Base */,
			);
			name = Main.storyboard;
			sourceTree = "<group>";
		};
		66F2F2B12590A354009D4D49 /* LaunchScreen.storyboard */ = {
			isa = PBXVariantGroup;
			children = (
				66F2F2B22590A354009D4D49 /* Base */,
			);
			name = LaunchScreen.storyboard;
			sourceTree = "<group>";
		};
/* End PBXVariantGroup section */

/* Begin XCBuildConfiguration section */
		66F2F2B52590A354009D4D49 /* Debug */ = {
			isa = XCBuildConfiguration;
			buildSettings = {
				ALWAYS_SEARCH_USER_PATHS = NO;
				CLANG_ANALYZER_NONNULL = YES;
				CLANG_ANALYZER_NUMBER_OBJECT_CONVERSION = YES_AGGRESSIVE;
				CLANG_CXX_LANGUAGE_STANDARD = "gnu++14";
				CLANG_CXX_LIBRARY = "libc++";
				CLANG_ENABLE_MODULES = YES;
				CLANG_ENABLE_OBJC_ARC = YES;
				CLANG_ENABLE_OBJC_WEAK = YES;
				CLANG_WARN_BLOCK_CAPTURE_AUTORELEASING = YES;
				CLANG_WARN_BOOL_CONVERSION = YES;
				CLANG_WARN_COMMA = YES;
				CLANG_WARN_CONSTANT_CONVERSION = YES;
				CLANG_WARN_DEPRECATED_OBJC_IMPLEMENTATIONS = YES;
				CLANG_WARN_DIRECT_OBJC_ISA_USAGE = YES_ERROR;
				CLANG_WARN_DOCUMENTATION_COMMENTS = YES;
				CLANG_WARN_EMPTY_BODY = YES;
				CLANG_WARN_ENUM_CONVERSION = YES;
				CLANG_WARN_INFINITE_RECURSION = YES;
				CLANG_WARN_INT_CONVERSION = YES;
				CLANG_WARN_NON_LITERAL_NULL_CONVERSION = YES;
				CLANG_WARN_OBJC_IMPLICIT_RETAIN_SELF = YES;
				CLANG_WARN_OBJC_LITERAL_CONVERSION = YES;
				CLANG_WARN_OBJC_ROOT_CLASS = YES_ERROR;
				CLANG_WARN_QUOTED_INCLUDE_IN_FRAMEWORK_HEADER = YES;
				CLANG_WARN_RANGE_LOOP_ANALYSIS = YES;
				CLANG_WARN_STRICT_PROTOTYPES = YES;
				CLANG_WARN_SUSPICIOUS_MOVE = YES;
				CLANG_WARN_UNGUARDED_AVAILABILITY = YES_AGGRESSIVE;
				CLANG_WARN_UNREACHABLE_CODE = YES;
				CLANG_WARN__DUPLICATE_METHOD_MATCH = YES;
				COPY_PHASE_STRIP = NO;
				DEBUG_INFORMATION_FORMAT = dwarf;
				ENABLE_STRICT_OBJC_MSGSEND = YES;
				ENABLE_TESTABILITY = YES;
				GCC_C_LANGUAGE_STANDARD = gnu11;
				GCC_DYNAMIC_NO_PIC = NO;
				GCC_NO_COMMON_BLOCKS = YES;
				GCC_OPTIMIZATION_LEVEL = 0;
				GCC_PREPROCESSOR_DEFINITIONS = (
					"DEBUG=1",
					"$(inherited)",
				);
				GCC_WARN_64_TO_32_BIT_CONVERSION = YES;
				GCC_WARN_ABOUT_RETURN_TYPE = YES_ERROR;
				GCC_WARN_UNDECLARED_SELECTOR = YES;
				GCC_WARN_UNINITIALIZED_AUTOS = YES_AGGRESSIVE;
				GCC_WARN_UNUSED_FUNCTION = YES;
				GCC_WARN_UNUSED_VARIABLE = YES;
				IPHONEOS_DEPLOYMENT_TARGET = 13.0;
				MTL_ENABLE_DEBUG_INFO = INCLUDE_SOURCE;
				MTL_FAST_MATH = YES;
				ONLY_ACTIVE_ARCH = YES;
				SDKROOT = iphoneos;
				SWIFT_ACTIVE_COMPILATION_CONDITIONS = DEBUG;
				SWIFT_OPTIMIZATION_LEVEL = "-Onone";
			};
			name = Debug;
		};
		66F2F2B62590A354009D4D49 /* Release */ = {
			isa = XCBuildConfiguration;
			buildSettings = {
				ALWAYS_SEARCH_USER_PATHS = NO;
				CLANG_ANALYZER_NONNULL = YES;
				CLANG_ANALYZER_NUMBER_OBJECT_CONVERSION = YES_AGGRESSIVE;
				CLANG_CXX_LANGUAGE_STANDARD = "gnu++14";
				CLANG_CXX_LIBRARY = "libc++";
				CLANG_ENABLE_MODULES = YES;
				CLANG_ENABLE_OBJC_ARC = YES;
				CLANG_ENABLE_OBJC_WEAK = YES;
				CLANG_WARN_BLOCK_CAPTURE_AUTORELEASING = YES;
				CLANG_WARN_BOOL_CONVERSION = YES;
				CLANG_WARN_COMMA = YES;
				CLANG_WARN_CONSTANT_CONVERSION = YES;
				CLANG_WARN_DEPRECATED_OBJC_IMPLEMENTATIONS = YES;
				CLANG_WARN_DIRECT_OBJC_ISA_USAGE = YES_ERROR;
				CLANG_WARN_DOCUMENTATION_COMMENTS = YES;
				CLANG_WARN_EMPTY_BODY = YES;
				CLANG_WARN_ENUM_CONVERSION = YES;
				CLANG_WARN_INFINITE_RECURSION = YES;
				CLANG_WARN_INT_CONVERSION = YES;
				CLANG_WARN_NON_LITERAL_NULL_CONVERSION = YES;
				CLANG_WARN_OBJC_IMPLICIT_RETAIN_SELF = YES;
				CLANG_WARN_OBJC_LITERAL_CONVERSION = YES;
				CLANG_WARN_OBJC_ROOT_CLASS = YES_ERROR;
				CLANG_WARN_QUOTED_INCLUDE_IN_FRAMEWORK_HEADER = YES;
				CLANG_WARN_RANGE_LOOP_ANALYSIS = YES;
				CLANG_WARN_STRICT_PROTOTYPES = YES;
				CLANG_WARN_SUSPICIOUS_MOVE = YES;
				CLANG_WARN_UNGUARDED_AVAILABILITY = YES_AGGRESSIVE;
				CLANG_WARN_UNREACHABLE_CODE = YES;
				CLANG_WARN__DUPLICATE_METHOD_MATCH = YES;
				COPY_PHASE_STRIP = NO;
				DEBUG_INFORMATION_FORMAT = "dwarf-with-dsym";
				ENABLE_NS_ASSERTIONS = NO;
				ENABLE_STRICT_OBJC_MSGSEND = YES;
				GCC_C_LANGUAGE_STANDARD = gnu11;
				GCC_NO_COMMON_BLOCKS = YES;
				GCC_WARN_64_TO_32_BIT_CONVERSION = YES;
				GCC_WARN_ABOUT_RETURN_TYPE = YES_ERROR;
				GCC_WARN_UNDECLARED_SELECTOR = YES;
				GCC_WARN_UNINITIALIZED_AUTOS = YES_AGGRESSIVE;
				GCC_WARN_UNUSED_FUNCTION = YES;
				GCC_WARN_UNUSED_VARIABLE = YES;
				IPHONEOS_DEPLOYMENT_TARGET = 13.0;
				MTL_ENABLE_DEBUG_INFO = NO;
				MTL_FAST_MATH = YES;
				SDKROOT = iphoneos;
				SWIFT_COMPILATION_MODE = wholemodule;
				SWIFT_OPTIMIZATION_LEVEL = "-O";
				VALIDATE_PRODUCT = YES;
			};
			name = Release;
		};
		66F2F2B82590A354009D4D49 /* Debug */ = {
			isa = XCBuildConfiguration;
			baseConfigurationReference = 925D8704FCF228273207C70F /* Pods-FastMessage.debug.xcconfig */;
			buildSettings = {
				ASSETCATALOG_COMPILER_APPICON_NAME = AppIcon;
				ASSETCATALOG_COMPILER_GLOBAL_ACCENT_COLOR_NAME = AccentColor;
				CODE_SIGN_STYLE = Automatic;
				DEVELOPMENT_TEAM = 5GWB2H668N;
				INFOPLIST_FILE = FastMessage/Info.plist;
				IPHONEOS_DEPLOYMENT_TARGET = 13.0;
				LD_RUNPATH_SEARCH_PATHS = (
					"$(inherited)",
					"@executable_path/Frameworks",
				);
				PRODUCT_BUNDLE_IDENTIFIER = ru.zamprog.FastMessage;
				PRODUCT_NAME = "$(TARGET_NAME)";
				SWIFT_VERSION = 5.0;
				TARGETED_DEVICE_FAMILY = 1;
			};
			name = Debug;
		};
		66F2F2B92590A354009D4D49 /* Release */ = {
			isa = XCBuildConfiguration;
			baseConfigurationReference = DD808E448BBD4C56E3426410 /* Pods-FastMessage.release.xcconfig */;
			buildSettings = {
				ASSETCATALOG_COMPILER_APPICON_NAME = AppIcon;
				ASSETCATALOG_COMPILER_GLOBAL_ACCENT_COLOR_NAME = AccentColor;
				CODE_SIGN_STYLE = Automatic;
				DEVELOPMENT_TEAM = 5GWB2H668N;
				INFOPLIST_FILE = FastMessage/Info.plist;
				IPHONEOS_DEPLOYMENT_TARGET = 13.0;
				LD_RUNPATH_SEARCH_PATHS = (
					"$(inherited)",
					"@executable_path/Frameworks",
				);
				PRODUCT_BUNDLE_IDENTIFIER = ru.zamprog.FastMessage;
				PRODUCT_NAME = "$(TARGET_NAME)";
				SWIFT_VERSION = 5.0;
				TARGETED_DEVICE_FAMILY = 1;
			};
			name = Release;
		};
/* End XCBuildConfiguration section */

/* Begin XCConfigurationList section */
		66F2F29E2590A353009D4D49 /* Build configuration list for PBXProject "FastMessage" */ = {
			isa = XCConfigurationList;
			buildConfigurations = (
				66F2F2B52590A354009D4D49 /* Debug */,
				66F2F2B62590A354009D4D49 /* Release */,
			);
			defaultConfigurationIsVisible = 0;
			defaultConfigurationName = Release;
		};
		66F2F2B72590A354009D4D49 /* Build configuration list for PBXNativeTarget "FastMessage" */ = {
			isa = XCConfigurationList;
			buildConfigurations = (
				66F2F2B82590A354009D4D49 /* Debug */,
				66F2F2B92590A354009D4D49 /* Release */,
			);
			defaultConfigurationIsVisible = 0;
			defaultConfigurationName = Release;
		};
/* End XCConfigurationList section */
	};
	rootObject = 66F2F29B2590A353009D4D49 /* Project object */;
}
